[[package]]
name = "aws-lambda-powertools"
version = "1.14.0"
description = "Python utilities for AWS Lambda functions including but not limited to tracing, logging and custom metric"
category = "main"
optional = false
python-versions = ">=3.6.1,<4.0.0"

[package.dependencies]
aws-xray-sdk = "2.6.0"
boto3 = ">=1.12,<2.0"
fastjsonschema = ">=2.14.5,<3.0.0"
jmespath = ">=0.10.0,<0.11.0"

[package.extras]
pydantic = ["pydantic (>=1.8.1,<2.0.0)", "email-validator"]

[[package]]
name = "aws-xray-sdk"
version = "2.6.0"
description = "The AWS X-Ray SDK for Python (the SDK) enables Python developers to record and emit information from within their applications to the AWS X-Ray service."
category = "main"
optional = false
python-versions = "*"

[package.dependencies]
botocore = ">=1.11.3"
future = "*"
jsonpickle = "*"
wrapt = "*"

[[package]]
name = "boto3"
version = "1.17.54"
description = "The AWS SDK for Python"
category = "main"
optional = false
python-versions = ">= 2.7, !=3.0.*, !=3.1.*, !=3.2.*, !=3.3.*, !=3.4.*, !=3.5.*"

[package.dependencies]
botocore = ">=1.20.54,<1.21.0"
jmespath = ">=0.7.1,<1.0.0"
s3transfer = ">=0.4.0,<0.5.0"

[[package]]
name = "botocore"
version = "1.20.54"
description = "Low-level, data-driven core of boto 3."
category = "main"
optional = false
python-versions = ">= 2.7, !=3.0.*, !=3.1.*, !=3.2.*, !=3.3.*, !=3.4.*, !=3.5.*"

[package.dependencies]
jmespath = ">=0.7.1,<1.0.0"
python-dateutil = ">=2.1,<3.0.0"
urllib3 = ">=1.25.4,<1.27"

[package.extras]
crt = ["awscrt (==0.11.11)"]

[[package]]
name = "certifi"
version = "2020.12.5"
description = "Python package for providing Mozilla's CA Bundle."
category = "dev"
optional = false
python-versions = "*"

[[package]]
name = "chardet"
version = "4.0.0"
description = "Universal encoding detector for Python 2 and 3"
category = "dev"
optional = false
python-versions = ">=2.7, !=3.0.*, !=3.1.*, !=3.2.*, !=3.3.*, !=3.4.*"

[[package]]
name = "fastjsonschema"
version = "2.15.0"
description = "Fastest Python implementation of JSON schema"
category = "main"
optional = false
python-versions = "*"

[package.extras]
devel = ["colorama", "jsonschema", "json-spec", "pylint", "pytest", "pytest-benchmark", "pytest-cache", "validictory"]

[[package]]
name = "future"
version = "0.18.2"
description = "Clean single-source support for Python 3 and 2"
category = "main"
optional = false
python-versions = ">=2.6, !=3.0.*, !=3.1.*, !=3.2.*"

[[package]]
name = "idna"
version = "2.10"
description = "Internationalized Domain Names in Applications (IDNA)"
category = "dev"
optional = false
python-versions = ">=2.7, !=3.0.*, !=3.1.*, !=3.2.*, !=3.3.*"

[[package]]
name = "importlib-metadata"
version = "4.0.1"
description = "Read metadata from Python packages"
category = "main"
optional = false
python-versions = ">=3.6"

[package.dependencies]
typing-extensions = {version = ">=3.6.4", markers = "python_version < \"3.8\""}
zipp = ">=0.5"

[package.extras]
docs = ["sphinx", "jaraco.packaging (>=8.2)", "rst.linker (>=1.9)"]
testing = ["pytest (>=4.6)", "pytest-checkdocs (>=2.4)", "pytest-flake8", "pytest-cov", "pytest-enabler (>=1.0.1)", "packaging", "pep517", "pyfakefs", "flufl.flake8", "pytest-black (>=0.3.7)", "pytest-mypy", "importlib-resources (>=1.3)"]

[[package]]
name = "jmespath"
version = "0.10.0"
description = "JSON Matching Expressions"
category = "main"
optional = false
python-versions = ">=2.6, !=3.0.*, !=3.1.*, !=3.2.*"

[[package]]
name = "jsonpickle"
version = "2.0.0"
description = "Python library for serializing any arbitrary object graph into JSON"
category = "main"
optional = false
python-versions = ">=2.7"

[package.dependencies]
importlib-metadata = {version = "*", markers = "python_version < \"3.8\""}

[package.extras]
docs = ["sphinx", "jaraco.packaging (>=3.2)", "rst.linker (>=1.9)"]
testing = ["coverage (<5)", "pytest (>=3.5,!=3.7.3)", "pytest-checkdocs (>=1.2.3)", "pytest-flake8", "pytest-black-multipy", "pytest-cov", "ecdsa", "feedparser", "numpy", "pandas", "pymongo", "sklearn", "sqlalchemy", "enum34", "jsonlib"]
"testing.libs" = ["demjson", "simplejson", "ujson", "yajl"]

[[package]]
name = "python-dateutil"
version = "2.8.1"
description = "Extensions to the standard Python datetime module"
category = "main"
optional = false
python-versions = "!=3.0.*,!=3.1.*,!=3.2.*,>=2.7"

[package.dependencies]
six = ">=1.5"

[[package]]
name = "requests"
version = "2.25.1"
description = "Python HTTP for Humans."
category = "dev"
optional = false
python-versions = ">=2.7, !=3.0.*, !=3.1.*, !=3.2.*, !=3.3.*, !=3.4.*"

[package.dependencies]
certifi = ">=2017.4.17"
chardet = ">=3.0.2,<5"
idna = ">=2.5,<3"
urllib3 = ">=1.21.1,<1.27"

[package.extras]
security = ["pyOpenSSL (>=0.14)", "cryptography (>=1.3.4)"]
socks = ["PySocks (>=1.5.6,!=1.5.7)", "win-inet-pton"]

[[package]]
name = "s3transfer"
version = "0.4.0"
description = "An Amazon S3 Transfer Manager"
category = "main"
optional = false
python-versions = "*"

[package.dependencies]
botocore = ">=1.12.36,<2.0a.0"

[package.extras]
crt = ["botocore[crt] (>=1.20.29,<2.0a.0)"]

[[package]]
name = "six"
version = "1.15.0"
description = "Python 2 and 3 compatibility utilities"
category = "main"
optional = false
python-versions = ">=2.7, !=3.0.*, !=3.1.*, !=3.2.*"

[[package]]
name = "typing-extensions"
version = "3.7.4.3"
description = "Backported and Experimental Type Hints for Python 3.5+"
category = "main"
optional = false
python-versions = "*"

[[package]]
name = "urllib3"
version = "1.26.4"
description = "HTTP library with thread-safe connection pooling, file post, and more."
category = "main"
optional = false
python-versions = ">=2.7, !=3.0.*, !=3.1.*, !=3.2.*, !=3.3.*, !=3.4.*, <4"

[package.extras]
secure = ["pyOpenSSL (>=0.14)", "cryptography (>=1.3.4)", "idna (>=2.0.0)", "certifi", "ipaddress"]
socks = ["PySocks (>=1.5.6,!=1.5.7,<2.0)"]
brotli = ["brotlipy (>=0.6.0)"]

[[package]]
name = "wrapt"
version = "1.12.1"
description = "Module for decorators, wrappers and monkey patching."
category = "main"
optional = false
python-versions = "*"

[[package]]
name = "zipp"
version = "3.4.1"
description = "Backport of pathlib-compatible object wrapper for zip files"
category = "main"
optional = false
python-versions = ">=3.6"

[package.extras]
docs = ["sphinx", "jaraco.packaging (>=8.2)", "rst.linker (>=1.9)"]
testing = ["pytest (>=4.6)", "pytest-checkdocs (>=1.2.3)", "pytest-flake8", "pytest-cov", "pytest-enabler", "jaraco.itertools", "func-timeout", "pytest-black (>=0.3.7)", "pytest-mypy"]

[metadata]
lock-version = "1.1"
python-versions = "^3.7"
content-hash = "ea31c7e9e071484132d5d7bd4133aaea674c7fc6ea5f7ad61ee3e37e6a166c96"

[metadata.files]
aws-lambda-powertools = [
    {file = "aws_lambda_powertools-1.14.0-py3-none-any.whl", hash = "sha256:ac5baa680ac0cd57225e259b04b454900734a949ec5c2e493a62b1c27f67843e"},
    {file = "aws_lambda_powertools-1.14.0.tar.gz", hash = "sha256:284c8fc0c9c7fefd9a6667de47d116503b282b03c80c032f02bd515675ca3d2e"},
]
aws-xray-sdk = [
    {file = "aws-xray-sdk-2.6.0.tar.gz", hash = "sha256:abf5b90f740e1f402e23414c9670e59cb9772e235e271fef2bce62b9100cbc77"},
    {file = "aws_xray_sdk-2.6.0-py2.py3-none-any.whl", hash = "sha256:076f7c610cd3564bbba3507d43e328fb6ff4a2e841d3590f39b2c3ce99d41e1d"},
]
boto3 = [
    {file = "boto3-1.17.54-py2.py3-none-any.whl", hash = "sha256:eab42daaaf68cdad5b112d31dcb0684162098f6558ba7b64156be44f993525fa"},
    {file = "boto3-1.17.54.tar.gz", hash = "sha256:1e55df93aa47a84e2a12a639c7f145e16e6e9ef959542d69d5526d50d2e92692"},
]
botocore = [
    {file = "botocore-1.20.54-py2.py3-none-any.whl", hash = "sha256:20a864fc6570ba11d52532c72c3ccabab5c71a9b4a9418601a313d56f1d2ce5b"},
    {file = "botocore-1.20.54.tar.gz", hash = "sha256:37ec76ea2df8609540ba6cb0fe360ae1c589d2e1ee91eb642fd767823f3fcedd"},
]
certifi = [
    {file = "certifi-2020.12.5-py2.py3-none-any.whl", hash = "sha256:719a74fb9e33b9bd44cc7f3a8d94bc35e4049deebe19ba7d8e108280cfd59830"},
    {file = "certifi-2020.12.5.tar.gz", hash = "sha256:1a4995114262bffbc2413b159f2a1a480c969de6e6eb13ee966d470af86af59c"},
]
chardet = [
    {file = "chardet-4.0.0-py2.py3-none-any.whl", hash = "sha256:f864054d66fd9118f2e67044ac8981a54775ec5b67aed0441892edb553d21da5"},
    {file = "chardet-4.0.0.tar.gz", hash = "sha256:0d6f53a15db4120f2b08c94f11e7d93d2c911ee118b6b30a04ec3ee8310179fa"},
]
fastjsonschema = [
    {file = "fastjsonschema-2.15.0-py3-none-any.whl", hash = "sha256:b3da206676f8b4906debf6a17b650b858c92cb304cbe0c8aa81799bde6a6b858"},
    {file = "fastjsonschema-2.15.0.tar.gz", hash = "sha256:e1ecba260bcffb7de0dda6aee74261da1e6dccde5ee04c1170b2dd97d2b87676"},
]
future = [
    {file = "future-0.18.2.tar.gz", hash = "sha256:b1bead90b70cf6ec3f0710ae53a525360fa360d306a86583adc6bf83a4db537d"},
]
idna = [
    {file = "idna-2.10-py2.py3-none-any.whl", hash = "sha256:b97d804b1e9b523befed77c48dacec60e6dcb0b5391d57af6a65a312a90648c0"},
    {file = "idna-2.10.tar.gz", hash = "sha256:b307872f855b18632ce0c21c5e45be78c0ea7ae4c15c828c20788b26921eb3f6"},
]
importlib-metadata = [
    {file = "importlib_metadata-4.0.1-py3-none-any.whl", hash = "sha256:d7eb1dea6d6a6086f8be21784cc9e3bcfa55872b52309bc5fad53a8ea444465d"},
    {file = "importlib_metadata-4.0.1.tar.gz", hash = "sha256:8c501196e49fb9df5df43833bdb1e4328f64847763ec8a50703148b73784d581"},
]
jmespath = [
    {file = "jmespath-0.10.0-py2.py3-none-any.whl", hash = "sha256:cdf6525904cc597730141d61b36f2e4b8ecc257c420fa2f4549bac2c2d0cb72f"},
    {file = "jmespath-0.10.0.tar.gz", hash = "sha256:b85d0567b8666149a93172712e68920734333c0ce7e89b78b3e987f71e5ed4f9"},
]
jsonpickle = [
    {file = "jsonpickle-2.0.0-py2.py3-none-any.whl", hash = "sha256:c1010994c1fbda87a48f8a56698605b598cb0fc6bb7e7927559fc1100e69aeac"},
    {file = "jsonpickle-2.0.0.tar.gz", hash = "sha256:0be49cba80ea6f87a168aa8168d717d00c6ca07ba83df3cec32d3b30bfe6fb9a"},
]
python-dateutil = [
    {file = "python-dateutil-2.8.1.tar.gz", hash = "sha256:73ebfe9dbf22e832286dafa60473e4cd239f8592f699aa5adaf10050e6e1823c"},
    {file = "python_dateutil-2.8.1-py2.py3-none-any.whl", hash = "sha256:75bb3f31ea686f1197762692a9ee6a7550b59fc6ca3a1f4b5d7e32fb98e2da2a"},
]
requests = [
    {file = "requests-2.25.1-py2.py3-none-any.whl", hash = "sha256:c210084e36a42ae6b9219e00e48287def368a26d03a048ddad7bfee44f75871e"},
    {file = "requests-2.25.1.tar.gz", hash = "sha256:27973dd4a904a4f13b263a19c866c13b92a39ed1c964655f025f3f8d3d75b804"},
]
s3transfer = [
    {file = "s3transfer-0.4.0-py2.py3-none-any.whl", hash = "sha256:af1af6384bd7fb8208b06480f9be73d0295d965c4c073a5c95ea5b6661dccc18"},
    {file = "s3transfer-0.4.0.tar.gz", hash = "sha256:f3dfd791cad2799403e3c8051810a7ca6ee1d2e630e5d2a8f9649d892bdb3db6"},
]
six = [
    {file = "six-1.15.0-py2.py3-none-any.whl", hash = "sha256:8b74bedcbbbaca38ff6d7491d76f2b06b3592611af620f8426e82dddb04a5ced"},
    {file = "six-1.15.0.tar.gz", hash = "sha256:30639c035cdb23534cd4aa2dd52c3bf48f06e5f4a941509c8bafd8ce11080259"},
]
typing-extensions = [
    {file = "typing_extensions-3.7.4.3-py2-none-any.whl", hash = "sha256:dafc7639cde7f1b6e1acc0f457842a83e722ccca8eef5270af2d74792619a89f"},
    {file = "typing_extensions-3.7.4.3-py3-none-any.whl", hash = "sha256:7cb407020f00f7bfc3cb3e7881628838e69d8f3fcab2f64742a5e76b2f841918"},
    {file = "typing_extensions-3.7.4.3.tar.gz", hash = "sha256:99d4073b617d30288f569d3f13d2bd7548c3a7e4c8de87db09a9d29bb3a4a60c"},
]
urllib3 = [
    {file = "urllib3-1.26.4-py2.py3-none-any.whl", hash = "sha256:2f4da4594db7e1e110a944bb1b551fdf4e6c136ad42e4234131391e21eb5b0df"},
    {file = "urllib3-1.26.4.tar.gz", hash = "sha256:e7b021f7241115872f92f43c6508082facffbd1c048e3c6e2bb9c2a157e28937"},
]
wrapt = [
    {file = "wrapt-1.12.1.tar.gz", hash = "sha256:b62ffa81fb85f4332a4f609cab4ac40709470da05643a082ec1eb88e6d9b97d7"},
]
zipp = [
    {file = "zipp-3.4.1-py3-none-any.whl", hash = "sha256:51cb66cc54621609dd593d1787f286ee42a5c0adbb4b29abea5a63edc3e03098"},
    {file = "zipp-3.4.1.tar.gz", hash = "sha256:3607921face881ba3e026887d8150cca609d517579abe052ac81fc5aeffdbd76"},
]
